{
  "format_version": "1.2",
  "terraform_version": "1.13.5",
  "variables": {
    "test": {
      "value": 42
    }
  },
  "planned_values": {
    "root_module": {
      "resources": [
        {
          "address": "local_file.test",
          "mode": "managed",
          "type": "local_file",
          "name": "test",
          "provider_name": "registry.terraform.io/hashicorp/local",
          "schema_version": 0,
          "values": {
            "content": "foo-42",
            "content_base64": null,
            "directory_permission": "0777",
            "file_permission": "0777",
            "filename": "../test.txt",
            "sensitive_content": null,
            "source": null
          },
          "sensitive_values": {
            "content": true,
            "sensitive_content": true
          }
        },
        {
          "address": "local_file.test2",
          "mode": "managed",
          "type": "local_file",
          "name": "test2",
          "provider_name": "registry.terraform.io/hashicorp/local",
          "schema_version": 0,
          "values": {
            "content": "foobar",
            "content_base64": null,
            "directory_permission": "0777",
            "file_permission": "0777",
            "filename": "../test2.txt",
            "sensitive_content": null,
            "source": null
          },
          "sensitive_values": {
            "sensitive_content": true
          }
        }
      ]
    }
  },
  "resource_drift": [
    {
      "address": "local_file.test",
      "mode": "managed",
      "type": "local_file",
      "name": "test",
      "provider_name": "registry.terraform.io/hashicorp/local",
      "change": {
        "actions": [
          "delete"
        ],
        "before": {
          "content": "foobar-42",
          "content_base64": null,
          "content_base64sha256": "y2eIXVRNQ6JeLI7uUlBafe2nthM8VW31OY9EcMW2Tdc=",
          "content_base64sha512": "b6MH8eFrO8x1mqwnv0uG9aa8ss+QndkUgyVvwDL/m440fY5w0PTYhNwzMeOZerMNQqKRu9FdEEcWhvuk+i+r0Q==",
          "content_md5": "8a22bbb35f6d4bae9a525439ff73404e",
          "content_sha1": "ec95e23aec3f635e195cb68d3b8b212ed0ff0da7",
          "content_sha256": "cb67885d544d43a25e2c8eee52505a7deda7b6133c556df5398f4470c5b64dd7",
          "content_sha512": "6fa307f1e16b3bcc759aac27bf4b86f5a6bcb2cf909dd91483256fc032ff9b8e347d8e70d0f4d884dc3331e3997ab30d42a291bbd15d10471686fba4fa2fabd1",
          "directory_permission": "0777",
          "file_permission": "0777",
          "filename": "../test.txt",
          "id": "ec95e23aec3f635e195cb68d3b8b212ed0ff0da7",
          "sensitive_content": null,
          "source": null
        },
        "after": null,
        "after_unknown": {},
        "before_sensitive": {
          "content": true,
          "sensitive_content": true
        },
        "after_sensitive": false
      }
    },
    {
      "address": "local_file.test2",
      "mode": "managed",
      "type": "local_file",
      "name": "test2",
      "provider_name": "registry.terraform.io/hashicorp/local",
      "change": {
        "actions": [
          "delete"
        ],
        "before": {
          "content": "foobar",
          "content_base64": null,
          "content_base64sha256": "w6uP8Tcg6K2QR905Rms8iXTlksL6OD1KOWBxTK7wxPI=",
          "content_base64sha512": "ClAmHr0aOQ/tK/Mm8mc8FFWCpjQtUjIElz0CGTN/gWFqgGmwElh89WNfaSXxtWw2AjDBmyc1AO4BPgMGAb8kJQ==",
          "content_md5": "3858f62230ac3c915f300c664312c63f",
          "content_sha1": "8843d7f92416211de9ebb963ff4ce28125932878",
          "content_sha256": "c3ab8ff13720e8ad9047dd39466b3c8974e592c2fa383d4a3960714caef0c4f2",
          "content_sha512": "0a50261ebd1a390fed2bf326f2673c145582a6342d523204973d0219337f81616a8069b012587cf5635f6925f1b56c360230c19b273500ee013e030601bf2425",
          "directory_permission": "0777",
          "file_permission": "0777",
          "filename": "../test2.txt",
          "id": "8843d7f92416211de9ebb963ff4ce28125932878",
          "sensitive_content": null,
          "source": null
        },
        "after": null,
        "after_unknown": {},
        "before_sensitive": {
          "sensitive_content": true
        },
        "after_sensitive": false
      }
    }
  ],
  "resource_changes": [
    {
      "address": "local_file.test",
      "mode": "managed",
      "type": "local_file",
      "name": "test",
      "provider_name": "registry.terraform.io/hashicorp/local",
      "change": {
        "actions": [
          "create"
        ],
        "before": null,
        "after": {
          "content": "foo-42",
          "content_base64": null,
          "directory_permission": "0777",
          "file_permission": "0777",
          "filename": "../test.txt",
          "sensitive_content": null,
          "source": null
        },
        "after_unknown": {
          "content_base64sha256": true,
          "content_base64sha512": true,
          "content_md5": true,
          "content_sha1": true,
          "content_sha256": true,
          "content_sha512": true,
          "id": true
        },
        "before_sensitive": false,
        "after_sensitive": {
          "content": true,
          "sensitive_content": true
        }
      }
    },
    {
      "address": "local_file.test2",
      "mode": "managed",
      "type": "local_file",
      "name": "test2",
      "provider_name": "registry.terraform.io/hashicorp/local",
      "change": {
        "actions": [
          "create"
        ],
        "before": null,
        "after": {
          "content": "foobar",
          "content_base64": null,
          "directory_permission": "0777",
          "file_permission": "0777",
          "filename": "../test2.txt",
          "sensitive_content": null,
          "source": null
        },
        "after_unknown": {
          "content_base64sha256": true,
          "content_base64sha512": true,
          "content_md5": true,
          "content_sha1": true,
          "content_sha256": true,
          "content_sha512": true,
          "id": true
        },
        "before_sensitive": false,
        "after_sensitive": {
          "sensitive_content": true
        }
      }
    }
  ],
  "configuration": {
    "provider_config": {
      "local": {
        "name": "local",
        "full_name": "registry.terraform.io/hashicorp/local"
      }
    },
    "root_module": {
      "resources": [
        {
          "address": "local_file.test",
          "mode": "managed",
          "type": "local_file",
          "name": "test",
          "provider_config_key": "local",
          "expressions": {
            "content": {
              "references": [
                "var.test"
              ]
            },
            "filename": {
              "constant_value": "../test.txt"
            }
          },
          "schema_version": 0
        },
        {
          "address": "local_file.test2",
          "mode": "managed",
          "type": "local_file",
          "name": "test2",
          "provider_config_key": "local",
          "expressions": {
            "content": {
              "constant_value": "foobar"
            },
            "filename": {
              "constant_value": "../test2.txt"
            }
          },
          "schema_version": 0
        }
      ],
      "variables": {
        "test": {
          "default": 42,
          "sensitive": true
        }
      }
    }
  },
  "applyable": true,
  "complete": true,
  "errored": false
}
