version: 4
environments:
  default:
    channels:
      - url: https://conda.anaconda.org/conda-forge/
    packages:
      linux-64:
        - conda: https://conda.anaconda.org/conda-forge/linux-64/_libgcc_mutex-0.1-conda_forge.tar.bz2
        - conda: https://conda.anaconda.org/conda-forge/linux-64/_openmp_mutex-4.5-2_gnu.tar.bz2
        - conda: https://conda.anaconda.org/conda-forge/linux-64/bzip2-1.0.8-hd590300_5.conda
        - conda: https://conda.anaconda.org/conda-forge/linux-64/ca-certificates-2024.2.2-hbcca054_0.conda
        - conda: https://conda.anaconda.org/conda-forge/linux-64/cffi-1.16.0-py312hf06ca03_0.conda
        - conda: https://conda.anaconda.org/conda-forge/noarch/cfgv-3.3.1-pyhd8ed1ab_0.tar.bz2
        - conda: https://conda.anaconda.org/conda-forge/noarch/distlib-0.3.8-pyhd8ed1ab_0.conda
        - conda: https://conda.anaconda.org/conda-forge/noarch/filelock-3.13.4-pyhd8ed1ab_0.conda
        - conda: https://conda.anaconda.org/conda-forge/linux-64/icu-73.2-h59595ed_0.conda
        - conda: https://conda.anaconda.org/conda-forge/noarch/identify-2.5.36-pyhd8ed1ab_0.conda
        - conda: https://conda.anaconda.org/conda-forge/linux-64/ld_impl_linux-64-2.40-h55db66e_0.conda
        - conda: https://conda.anaconda.org/conda-forge/linux-64/libexpat-2.6.2-h59595ed_0.conda
        - conda: https://conda.anaconda.org/conda-forge/linux-64/libffi-3.4.2-h7f98852_5.tar.bz2
        - conda: https://conda.anaconda.org/conda-forge/linux-64/libgcc-ng-13.2.0-hc881cc4_6.conda
        - conda: https://conda.anaconda.org/conda-forge/linux-64/libgomp-13.2.0-hc881cc4_6.conda
        - conda: https://conda.anaconda.org/conda-forge/linux-64/libnsl-2.0.1-hd590300_0.conda
        - conda: https://conda.anaconda.org/conda-forge/linux-64/libsqlite-3.45.3-h2797004_0.conda
        - conda: https://conda.anaconda.org/conda-forge/linux-64/libstdcxx-ng-13.2.0-h95c4c6d_6.conda
        - conda: https://conda.anaconda.org/conda-forge/linux-64/libuuid-2.38.1-h0b41bf4_0.conda
        - conda: https://conda.anaconda.org/conda-forge/linux-64/libuv-1.48.0-hd590300_0.conda
        - conda: https://conda.anaconda.org/conda-forge/linux-64/libxcrypt-4.4.36-hd590300_1.conda
        - conda: https://conda.anaconda.org/conda-forge/linux-64/libzlib-1.2.13-hd590300_5.conda
        - conda: https://conda.anaconda.org/conda-forge/linux-64/ncurses-6.4.20240210-h59595ed_0.conda
        - conda: https://conda.anaconda.org/conda-forge/noarch/nodeenv-1.8.0-pyhd8ed1ab_0.conda
        - conda: https://conda.anaconda.org/conda-forge/linux-64/nodejs-20.12.2-hb753e55_0.conda
        - conda: https://conda.anaconda.org/conda-forge/linux-64/openssl-3.2.1-hd590300_1.conda
        - conda: https://conda.anaconda.org/conda-forge/noarch/platformdirs-4.2.1-pyhd8ed1ab_0.conda
        - conda: https://conda.anaconda.org/conda-forge/linux-64/pnpm-9.0.6-heac0031_0.conda
        - conda: https://conda.anaconda.org/conda-forge/noarch/pre-commit-3.7.0-pyha770c72_0.conda
        - conda: https://conda.anaconda.org/conda-forge/noarch/pycparser-2.22-pyhd8ed1ab_0.conda
        - conda: https://conda.anaconda.org/conda-forge/linux-64/python-3.12.3-hab00c5b_0_cpython.conda
        - conda: https://conda.anaconda.org/conda-forge/linux-64/python_abi-3.12-4_cp312.conda
        - conda: https://conda.anaconda.org/conda-forge/linux-64/pyyaml-6.0.1-py312h98912ed_1.conda
        - conda: https://conda.anaconda.org/conda-forge/linux-64/readline-8.2-h8228510_1.conda
        - conda: https://conda.anaconda.org/conda-forge/noarch/setuptools-69.5.1-pyhd8ed1ab_0.conda
        - conda: https://conda.anaconda.org/conda-forge/linux-64/terraform-1.8.2-ha8f183a_0.conda
        - conda: https://conda.anaconda.org/conda-forge/linux-64/tk-8.6.13-noxft_h4845f30_101.conda
        - conda: https://conda.anaconda.org/conda-forge/noarch/tzdata-2024a-h0c530f3_0.conda
        - conda: https://conda.anaconda.org/conda-forge/linux-64/ukkonen-1.0.1-py312h8572e83_4.conda
        - conda: https://conda.anaconda.org/conda-forge/noarch/virtualenv-20.26.0-pyhd8ed1ab_0.conda
        - conda: https://conda.anaconda.org/conda-forge/linux-64/xz-5.2.6-h166bdaf_0.tar.bz2
        - conda: https://conda.anaconda.org/conda-forge/linux-64/yaml-0.2.5-h7f98852_2.tar.bz2
        - conda: https://conda.anaconda.org/conda-forge/linux-64/zlib-1.2.13-hd590300_5.conda
      osx-arm64:
        - conda: https://conda.anaconda.org/conda-forge/osx-arm64/bzip2-1.0.8-h93a5062_5.conda
        - conda: https://conda.anaconda.org/conda-forge/osx-arm64/ca-certificates-2024.2.2-hf0a4a13_0.conda
        - conda: https://conda.anaconda.org/conda-forge/osx-arm64/cffi-1.16.0-py312h8e38eb3_0.conda
        - conda: https://conda.anaconda.org/conda-forge/noarch/cfgv-3.3.1-pyhd8ed1ab_0.tar.bz2
        - conda: https://conda.anaconda.org/conda-forge/noarch/distlib-0.3.8-pyhd8ed1ab_0.conda
        - conda: https://conda.anaconda.org/conda-forge/noarch/filelock-3.13.4-pyhd8ed1ab_0.conda
        - conda: https://conda.anaconda.org/conda-forge/osx-arm64/icu-73.2-hc8870d7_0.conda
        - conda: https://conda.anaconda.org/conda-forge/noarch/identify-2.5.36-pyhd8ed1ab_0.conda
        - conda: https://conda.anaconda.org/conda-forge/osx-arm64/libcxx-16.0.6-h4653b0c_0.conda
        - conda: https://conda.anaconda.org/conda-forge/osx-arm64/libexpat-2.6.2-hebf3989_0.conda
        - conda: https://conda.anaconda.org/conda-forge/osx-arm64/libffi-3.4.2-h3422bc3_5.tar.bz2
        - conda: https://conda.anaconda.org/conda-forge/osx-arm64/libsqlite-3.45.3-h091b4b1_0.conda
        - conda: https://conda.anaconda.org/conda-forge/osx-arm64/libuv-1.48.0-h93a5062_0.conda
        - conda: https://conda.anaconda.org/conda-forge/osx-arm64/libzlib-1.2.13-h53f4e23_5.conda
        - conda: https://conda.anaconda.org/conda-forge/osx-arm64/ncurses-6.4.20240210-h078ce10_0.conda
        - conda: https://conda.anaconda.org/conda-forge/noarch/nodeenv-1.8.0-pyhd8ed1ab_0.conda
        - conda: https://conda.anaconda.org/conda-forge/osx-arm64/nodejs-20.12.2-h3b52c9b_0.conda
        - conda: https://conda.anaconda.org/conda-forge/osx-arm64/openssl-3.2.1-h0d3ecfb_1.conda
        - conda: https://conda.anaconda.org/conda-forge/noarch/platformdirs-4.2.1-pyhd8ed1ab_0.conda
        - conda: https://conda.anaconda.org/conda-forge/osx-arm64/pnpm-9.0.6-hc20fca1_0.conda
        - conda: https://conda.anaconda.org/conda-forge/noarch/pre-commit-3.7.0-pyha770c72_0.conda
        - conda: https://conda.anaconda.org/conda-forge/noarch/pycparser-2.22-pyhd8ed1ab_0.conda
        - conda: https://conda.anaconda.org/conda-forge/osx-arm64/python-3.12.3-h4a7b5fc_0_cpython.conda
        - conda: https://conda.anaconda.org/conda-forge/osx-arm64/python_abi-3.12-4_cp312.conda
        - conda: https://conda.anaconda.org/conda-forge/osx-arm64/pyyaml-6.0.1-py312h02f2b3b_1.conda
        - conda: https://conda.anaconda.org/conda-forge/osx-arm64/readline-8.2-h92ec313_1.conda
        - conda: https://conda.anaconda.org/conda-forge/noarch/setuptools-69.5.1-pyhd8ed1ab_0.conda
        - conda: https://conda.anaconda.org/conda-forge/osx-arm64/terraform-1.8.2-h75b854d_0.conda
        - conda: https://conda.anaconda.org/conda-forge/osx-arm64/tk-8.6.13-h5083fa2_1.conda
        - conda: https://conda.anaconda.org/conda-forge/noarch/tzdata-2024a-h0c530f3_0.conda
        - conda: https://conda.anaconda.org/conda-forge/osx-arm64/ukkonen-1.0.1-py312h389731b_4.conda
        - conda: https://conda.anaconda.org/conda-forge/noarch/virtualenv-20.26.0-pyhd8ed1ab_0.conda
        - conda: https://conda.anaconda.org/conda-forge/osx-arm64/xz-5.2.6-h57fd34a_0.tar.bz2
        - conda: https://conda.anaconda.org/conda-forge/osx-arm64/yaml-0.2.5-h3422bc3_2.tar.bz2
        - conda: https://conda.anaconda.org/conda-forge/osx-arm64/zlib-1.2.13-h53f4e23_5.conda
  pre-commit:
    channels:
      - url: https://conda.anaconda.org/conda-forge/
    packages:
      linux-64:
        - conda: https://conda.anaconda.org/conda-forge/linux-64/_libgcc_mutex-0.1-conda_forge.tar.bz2
        - conda: https://conda.anaconda.org/conda-forge/linux-64/_openmp_mutex-4.5-2_gnu.tar.bz2
        - conda: https://conda.anaconda.org/conda-forge/linux-64/bzip2-1.0.8-hd590300_5.conda
        - conda: https://conda.anaconda.org/conda-forge/linux-64/ca-certificates-2024.2.2-hbcca054_0.conda
        - conda: https://conda.anaconda.org/conda-forge/linux-64/cffi-1.16.0-py312hf06ca03_0.conda
        - conda: https://conda.anaconda.org/conda-forge/noarch/cfgv-3.3.1-pyhd8ed1ab_0.tar.bz2
        - conda: https://conda.anaconda.org/conda-forge/noarch/distlib-0.3.8-pyhd8ed1ab_0.conda
        - conda: https://conda.anaconda.org/conda-forge/noarch/filelock-3.13.4-pyhd8ed1ab_0.conda
        - conda: https://conda.anaconda.org/conda-forge/linux-64/icu-73.2-h59595ed_0.conda
        - conda: https://conda.anaconda.org/conda-forge/noarch/identify-2.5.36-pyhd8ed1ab_0.conda
        - conda: https://conda.anaconda.org/conda-forge/linux-64/ld_impl_linux-64-2.40-h55db66e_0.conda
        - conda: https://conda.anaconda.org/conda-forge/linux-64/libexpat-2.6.2-h59595ed_0.conda
        - conda: https://conda.anaconda.org/conda-forge/linux-64/libffi-3.4.2-h7f98852_5.tar.bz2
        - conda: https://conda.anaconda.org/conda-forge/linux-64/libgcc-ng-13.2.0-hc881cc4_6.conda
        - conda: https://conda.anaconda.org/conda-forge/linux-64/libgomp-13.2.0-hc881cc4_6.conda
        - conda: https://conda.anaconda.org/conda-forge/linux-64/libnsl-2.0.1-hd590300_0.conda
        - conda: https://conda.anaconda.org/conda-forge/linux-64/libsqlite-3.45.3-h2797004_0.conda
        - conda: https://conda.anaconda.org/conda-forge/linux-64/libstdcxx-ng-13.2.0-h95c4c6d_6.conda
        - conda: https://conda.anaconda.org/conda-forge/linux-64/libuuid-2.38.1-h0b41bf4_0.conda
        - conda: https://conda.anaconda.org/conda-forge/linux-64/libuv-1.48.0-hd590300_0.conda
        - conda: https://conda.anaconda.org/conda-forge/linux-64/libxcrypt-4.4.36-hd590300_1.conda
        - conda: https://conda.anaconda.org/conda-forge/linux-64/libzlib-1.2.13-hd590300_5.conda
        - conda: https://conda.anaconda.org/conda-forge/linux-64/ncurses-6.4.20240210-h59595ed_0.conda
        - conda: https://conda.anaconda.org/conda-forge/noarch/nodeenv-1.8.0-pyhd8ed1ab_0.conda
        - conda: https://conda.anaconda.org/conda-forge/linux-64/nodejs-20.12.2-hb753e55_0.conda
        - conda: https://conda.anaconda.org/conda-forge/linux-64/openssl-3.2.1-hd590300_1.conda
        - conda: https://conda.anaconda.org/conda-forge/noarch/platformdirs-4.2.1-pyhd8ed1ab_0.conda
        - conda: https://conda.anaconda.org/conda-forge/linux-64/pnpm-9.0.6-heac0031_0.conda
        - conda: https://conda.anaconda.org/conda-forge/noarch/pre-commit-3.7.0-pyha770c72_0.conda
        - conda: https://conda.anaconda.org/conda-forge/noarch/pycparser-2.22-pyhd8ed1ab_0.conda
        - conda: https://conda.anaconda.org/conda-forge/linux-64/python-3.12.3-hab00c5b_0_cpython.conda
        - conda: https://conda.anaconda.org/conda-forge/linux-64/python_abi-3.12-4_cp312.conda
        - conda: https://conda.anaconda.org/conda-forge/linux-64/pyyaml-6.0.1-py312h98912ed_1.conda
        - conda: https://conda.anaconda.org/conda-forge/linux-64/readline-8.2-h8228510_1.conda
        - conda: https://conda.anaconda.org/conda-forge/noarch/setuptools-69.5.1-pyhd8ed1ab_0.conda
        - conda: https://conda.anaconda.org/conda-forge/linux-64/terraform-1.8.2-ha8f183a_0.conda
        - conda: https://conda.anaconda.org/conda-forge/linux-64/tk-8.6.13-noxft_h4845f30_101.conda
        - conda: https://conda.anaconda.org/conda-forge/noarch/tzdata-2024a-h0c530f3_0.conda
        - conda: https://conda.anaconda.org/conda-forge/linux-64/ukkonen-1.0.1-py312h8572e83_4.conda
        - conda: https://conda.anaconda.org/conda-forge/noarch/virtualenv-20.26.0-pyhd8ed1ab_0.conda
        - conda: https://conda.anaconda.org/conda-forge/linux-64/xz-5.2.6-h166bdaf_0.tar.bz2
        - conda: https://conda.anaconda.org/conda-forge/linux-64/yaml-0.2.5-h7f98852_2.tar.bz2
        - conda: https://conda.anaconda.org/conda-forge/linux-64/zlib-1.2.13-hd590300_5.conda
      osx-arm64:
        - conda: https://conda.anaconda.org/conda-forge/osx-arm64/bzip2-1.0.8-h93a5062_5.conda
        - conda: https://conda.anaconda.org/conda-forge/osx-arm64/ca-certificates-2024.2.2-hf0a4a13_0.conda
        - conda: https://conda.anaconda.org/conda-forge/osx-arm64/cffi-1.16.0-py312h8e38eb3_0.conda
        - conda: https://conda.anaconda.org/conda-forge/noarch/cfgv-3.3.1-pyhd8ed1ab_0.tar.bz2
        - conda: https://conda.anaconda.org/conda-forge/noarch/distlib-0.3.8-pyhd8ed1ab_0.conda
        - conda: https://conda.anaconda.org/conda-forge/noarch/filelock-3.13.4-pyhd8ed1ab_0.conda
        - conda: https://conda.anaconda.org/conda-forge/osx-arm64/icu-73.2-hc8870d7_0.conda
        - conda: https://conda.anaconda.org/conda-forge/noarch/identify-2.5.36-pyhd8ed1ab_0.conda
        - conda: https://conda.anaconda.org/conda-forge/osx-arm64/libcxx-16.0.6-h4653b0c_0.conda
        - conda: https://conda.anaconda.org/conda-forge/osx-arm64/libexpat-2.6.2-hebf3989_0.conda
        - conda: https://conda.anaconda.org/conda-forge/osx-arm64/libffi-3.4.2-h3422bc3_5.tar.bz2
        - conda: https://conda.anaconda.org/conda-forge/osx-arm64/libsqlite-3.45.3-h091b4b1_0.conda
        - conda: https://conda.anaconda.org/conda-forge/osx-arm64/libuv-1.48.0-h93a5062_0.conda
        - conda: https://conda.anaconda.org/conda-forge/osx-arm64/libzlib-1.2.13-h53f4e23_5.conda
        - conda: https://conda.anaconda.org/conda-forge/osx-arm64/ncurses-6.4.20240210-h078ce10_0.conda
        - conda: https://conda.anaconda.org/conda-forge/noarch/nodeenv-1.8.0-pyhd8ed1ab_0.conda
        - conda: https://conda.anaconda.org/conda-forge/osx-arm64/nodejs-20.12.2-h3b52c9b_0.conda
        - conda: https://conda.anaconda.org/conda-forge/osx-arm64/openssl-3.2.1-h0d3ecfb_1.conda
        - conda: https://conda.anaconda.org/conda-forge/noarch/platformdirs-4.2.1-pyhd8ed1ab_0.conda
        - conda: https://conda.anaconda.org/conda-forge/osx-arm64/pnpm-9.0.6-hc20fca1_0.conda
        - conda: https://conda.anaconda.org/conda-forge/noarch/pre-commit-3.7.0-pyha770c72_0.conda
        - conda: https://conda.anaconda.org/conda-forge/noarch/pycparser-2.22-pyhd8ed1ab_0.conda
        - conda: https://conda.anaconda.org/conda-forge/osx-arm64/python-3.12.3-h4a7b5fc_0_cpython.conda
        - conda: https://conda.anaconda.org/conda-forge/osx-arm64/python_abi-3.12-4_cp312.conda
        - conda: https://conda.anaconda.org/conda-forge/osx-arm64/pyyaml-6.0.1-py312h02f2b3b_1.conda
        - conda: https://conda.anaconda.org/conda-forge/osx-arm64/readline-8.2-h92ec313_1.conda
        - conda: https://conda.anaconda.org/conda-forge/noarch/setuptools-69.5.1-pyhd8ed1ab_0.conda
        - conda: https://conda.anaconda.org/conda-forge/osx-arm64/terraform-1.8.2-h75b854d_0.conda
        - conda: https://conda.anaconda.org/conda-forge/osx-arm64/tk-8.6.13-h5083fa2_1.conda
        - conda: https://conda.anaconda.org/conda-forge/noarch/tzdata-2024a-h0c530f3_0.conda
        - conda: https://conda.anaconda.org/conda-forge/osx-arm64/ukkonen-1.0.1-py312h389731b_4.conda
        - conda: https://conda.anaconda.org/conda-forge/noarch/virtualenv-20.26.0-pyhd8ed1ab_0.conda
        - conda: https://conda.anaconda.org/conda-forge/osx-arm64/xz-5.2.6-h57fd34a_0.tar.bz2
        - conda: https://conda.anaconda.org/conda-forge/osx-arm64/yaml-0.2.5-h3422bc3_2.tar.bz2
        - conda: https://conda.anaconda.org/conda-forge/osx-arm64/zlib-1.2.13-h53f4e23_5.conda
  terraform:
    channels:
      - url: https://conda.anaconda.org/conda-forge/
    packages:
      linux-64:
        - conda: https://conda.anaconda.org/conda-forge/linux-64/_libgcc_mutex-0.1-conda_forge.tar.bz2
        - conda: https://conda.anaconda.org/conda-forge/linux-64/_openmp_mutex-4.5-2_gnu.tar.bz2
        - conda: https://conda.anaconda.org/conda-forge/linux-64/ca-certificates-2024.2.2-hbcca054_0.conda
        - conda: https://conda.anaconda.org/conda-forge/linux-64/icu-73.2-h59595ed_0.conda
        - conda: https://conda.anaconda.org/conda-forge/linux-64/libgcc-ng-13.2.0-hc881cc4_6.conda
        - conda: https://conda.anaconda.org/conda-forge/linux-64/libgomp-13.2.0-hc881cc4_6.conda
        - conda: https://conda.anaconda.org/conda-forge/linux-64/libstdcxx-ng-13.2.0-h95c4c6d_6.conda
        - conda: https://conda.anaconda.org/conda-forge/linux-64/libuv-1.48.0-hd590300_0.conda
        - conda: https://conda.anaconda.org/conda-forge/linux-64/libzlib-1.2.13-hd590300_5.conda
        - conda: https://conda.anaconda.org/conda-forge/linux-64/nodejs-20.12.2-hb753e55_0.conda
        - conda: https://conda.anaconda.org/conda-forge/linux-64/openssl-3.2.1-hd590300_1.conda
        - conda: https://conda.anaconda.org/conda-forge/linux-64/pnpm-9.0.6-heac0031_0.conda
        - conda: https://conda.anaconda.org/conda-forge/linux-64/terraform-1.8.2-ha8f183a_0.conda
        - conda: https://conda.anaconda.org/conda-forge/linux-64/zlib-1.2.13-hd590300_5.conda
      osx-arm64:
        - conda: https://conda.anaconda.org/conda-forge/osx-arm64/ca-certificates-2024.2.2-hf0a4a13_0.conda
        - conda: https://conda.anaconda.org/conda-forge/osx-arm64/icu-73.2-hc8870d7_0.conda
        - conda: https://conda.anaconda.org/conda-forge/osx-arm64/libcxx-16.0.6-h4653b0c_0.conda
        - conda: https://conda.anaconda.org/conda-forge/osx-arm64/libuv-1.48.0-h93a5062_0.conda
        - conda: https://conda.anaconda.org/conda-forge/osx-arm64/libzlib-1.2.13-h53f4e23_5.conda
        - conda: https://conda.anaconda.org/conda-forge/osx-arm64/nodejs-20.12.2-h3b52c9b_0.conda
        - conda: https://conda.anaconda.org/conda-forge/osx-arm64/openssl-3.2.1-h0d3ecfb_1.conda
        - conda: https://conda.anaconda.org/conda-forge/osx-arm64/pnpm-9.0.6-hc20fca1_0.conda
        - conda: https://conda.anaconda.org/conda-forge/osx-arm64/terraform-1.8.2-h75b854d_0.conda
        - conda: https://conda.anaconda.org/conda-forge/osx-arm64/zlib-1.2.13-h53f4e23_5.conda
packages:
  - kind: conda
    name: _libgcc_mutex
    version: "0.1"
    build: conda_forge
    subdir: linux-64
    url: https://conda.anaconda.org/conda-forge/linux-64/_libgcc_mutex-0.1-conda_forge.tar.bz2
    sha256: fe51de6107f9edc7aa4f786a70f4a883943bc9d39b3bb7307c04c41410990726
    md5: d7c89558ba9fa0495403155b64376d81
    license: None
    size: 2562
    timestamp: 1578324546067
  - kind: conda
    name: _openmp_mutex
    version: "4.5"
    build: 2_gnu
    build_number: 16
    subdir: linux-64
    url: https://conda.anaconda.org/conda-forge/linux-64/_openmp_mutex-4.5-2_gnu.tar.bz2
    sha256: fbe2c5e56a653bebb982eda4876a9178aedfc2b545f25d0ce9c4c0b508253d22
    md5: 73aaf86a425cc6e73fcf236a5a46396d
    depends:
      - _libgcc_mutex 0.1 conda_forge
      - libgomp >=7.5.0
    constrains:
      - openmp_impl 9999
    license: BSD-3-Clause
    license_family: BSD
    size: 23621
    timestamp: 1650670423406
  - kind: conda
    name: bzip2
    version: 1.0.8
    build: h93a5062_5
    build_number: 5
    subdir: osx-arm64
    url: https://conda.anaconda.org/conda-forge/osx-arm64/bzip2-1.0.8-h93a5062_5.conda
    sha256: bfa84296a638bea78a8bb29abc493ee95f2a0218775642474a840411b950fe5f
    md5: 1bbc659ca658bfd49a481b5ef7a0f40f
    license: bzip2-1.0.6
    license_family: BSD
    size: 122325
    timestamp: 1699280294368
  - kind: conda
    name: bzip2
    version: 1.0.8
    build: hd590300_5
    build_number: 5
    subdir: linux-64
    url: https://conda.anaconda.org/conda-forge/linux-64/bzip2-1.0.8-hd590300_5.conda
    sha256: 242c0c324507ee172c0e0dd2045814e746bb303d1eb78870d182ceb0abc726a8
    md5: 69b8b6202a07720f448be700e300ccf4
    depends:
      - libgcc-ng >=12
    license: bzip2-1.0.6
    license_family: BSD
    size: 254228
    timestamp: 1699279927352
  - kind: conda
    name: ca-certificates
    version: 2024.2.2
    build: hbcca054_0
    subdir: linux-64
    url: https://conda.anaconda.org/conda-forge/linux-64/ca-certificates-2024.2.2-hbcca054_0.conda
    sha256: 91d81bfecdbb142c15066df70cc952590ae8991670198f92c66b62019b251aeb
    md5: 2f4327a1cbe7f022401b236e915a5fef
    license: ISC
    size: 155432
    timestamp: 1706843687645
  - kind: conda
    name: ca-certificates
    version: 2024.2.2
    build: hf0a4a13_0
    subdir: osx-arm64
    url: https://conda.anaconda.org/conda-forge/osx-arm64/ca-certificates-2024.2.2-hf0a4a13_0.conda
    sha256: 49bc3439816ac72d0c0e0f144b8cc870fdcc4adec2e861407ec818d8116b2204
    md5: fb416a1795f18dcc5a038bc2dc54edf9
    license: ISC
    size: 155725
    timestamp: 1706844034242
  - kind: conda
    name: cffi
    version: 1.16.0
    build: py312h8e38eb3_0
    subdir: osx-arm64
    url: https://conda.anaconda.org/conda-forge/osx-arm64/cffi-1.16.0-py312h8e38eb3_0.conda
    sha256: 1544403cb1a5ca2aeabf0dac86d9ce6066d6fb4363493643b33ffd1b78038d18
    md5: 960ecbd65860d3b1de5e30373e1bffb1
    depends:
      - libffi >=3.4,<4.0a0
      - pycparser
      - python >=3.12.0rc3,<3.13.0a0
      - python >=3.12.0rc3,<3.13.0a0 *_cpython
      - python_abi 3.12.* *_cp312
    license: MIT
    license_family: MIT
    size: 284245
    timestamp: 1696002181644
  - kind: conda
    name: cffi
    version: 1.16.0
    build: py312hf06ca03_0
    subdir: linux-64
    url: https://conda.anaconda.org/conda-forge/linux-64/cffi-1.16.0-py312hf06ca03_0.conda
    sha256: 5a36e2c254603c367d26378fa3a205bd92263e30acf195f488749562b4c44251
    md5: 56b0ca764ce23cc54f3f7e2a7b970f6d
    depends:
      - libffi >=3.4,<4.0a0
      - libgcc-ng >=12
      - pycparser
      - python >=3.12.0rc3,<3.13.0a0
      - python_abi 3.12.* *_cp312
    license: MIT
    license_family: MIT
    size: 294523
    timestamp: 1696001868949
  - kind: conda
    name: cfgv
    version: 3.3.1
    build: pyhd8ed1ab_0
    subdir: noarch
    noarch: python
    url: https://conda.anaconda.org/conda-forge/noarch/cfgv-3.3.1-pyhd8ed1ab_0.tar.bz2
    sha256: fbc03537a27ef756162c49b1d0608bf7ab12fa5e38ceb8563d6f4859e835ac5c
    md5: ebb5f5f7dc4f1a3780ef7ea7738db08c
    depends:
      - python >=3.6.1
    license: MIT
    license_family: MIT
    size: 10788
    timestamp: 1629909423398
  - kind: conda
    name: distlib
    version: 0.3.8
    build: pyhd8ed1ab_0
    subdir: noarch
    noarch: python
    url: https://conda.anaconda.org/conda-forge/noarch/distlib-0.3.8-pyhd8ed1ab_0.conda
    sha256: 3ff11acdd5cc2f80227682966916e878e45ced94f59c402efb94911a5774e84e
    md5: db16c66b759a64dc5183d69cc3745a52
    depends:
      - python 2.7|>=3.6
    license: Apache-2.0
    license_family: APACHE
    size: 274915
    timestamp: 1702383349284
  - kind: conda
    name: filelock
    version: 3.13.4
    build: pyhd8ed1ab_0
    subdir: noarch
    noarch: python
    url: https://conda.anaconda.org/conda-forge/noarch/filelock-3.13.4-pyhd8ed1ab_0.conda
    sha256: 2eef860d5ad6ef1fac5002a3b75661f765d448e9f997f64482b0e51a097e037f
    md5: 6baa2e7fc09bd2c7c82cb6662d5f1d36
    depends:
      - python >=3.7
    license: Unlicense
    size: 15707
    timestamp: 1712686250786
  - kind: conda
    name: icu
    version: "73.2"
    build: h59595ed_0
    subdir: linux-64
    url: https://conda.anaconda.org/conda-forge/linux-64/icu-73.2-h59595ed_0.conda
    sha256: e12fd90ef6601da2875ebc432452590bc82a893041473bc1c13ef29001a73ea8
    md5: cc47e1facc155f91abd89b11e48e72ff
    depends:
      - libgcc-ng >=12
      - libstdcxx-ng >=12
    license: MIT
    license_family: MIT
    size: 12089150
    timestamp: 1692900650789
  - kind: conda
    name: icu
    version: "73.2"
    build: hc8870d7_0
    subdir: osx-arm64
    url: https://conda.anaconda.org/conda-forge/osx-arm64/icu-73.2-hc8870d7_0.conda
    sha256: ff9cd0c6cd1349954c801fb443c94192b637e1b414514539f3c49c56a39f51b1
    md5: 8521bd47c0e11c5902535bb1a17c565f
    license: MIT
    license_family: MIT
    size: 11997841
    timestamp: 1692902104771
  - kind: conda
    name: identify
    version: 2.5.36
    build: pyhd8ed1ab_0
    subdir: noarch
    noarch: python
    url: https://conda.anaconda.org/conda-forge/noarch/identify-2.5.36-pyhd8ed1ab_0.conda
    sha256: dc98ab2233d3ed3692499e2a06b027489ee317658cef9277ec23cab00236f31c
    md5: ba68cb5105760379432cebc82b45af40
    depends:
      - python >=3.6
      - ukkonen
    license: MIT
    license_family: MIT
    size: 78375
    timestamp: 1713673091737
  - kind: conda
    name: ld_impl_linux-64
    version: "2.40"
    build: h55db66e_0
    subdir: linux-64
    url: https://conda.anaconda.org/conda-forge/linux-64/ld_impl_linux-64-2.40-h55db66e_0.conda
    sha256: ef969eee228cfb71e55146eaecc6af065f468cb0bc0a5239bc053b39db0b5f09
    md5: 10569984e7db886e4f1abc2b47ad79a1
    constrains:
      - binutils_impl_linux-64 2.40
    license: GPL-3.0-only
    license_family: GPL
    size: 713322
    timestamp: 1713651222435
  - kind: conda
    name: libcxx
    version: 16.0.6
    build: h4653b0c_0
    subdir: osx-arm64
    url: https://conda.anaconda.org/conda-forge/osx-arm64/libcxx-16.0.6-h4653b0c_0.conda
    sha256: 11d3fb51c14832d9e4f6d84080a375dec21ea8a3a381a1910e67ff9cedc20355
    md5: 9d7d724faf0413bf1dbc5a85935700c8
    license: Apache-2.0 WITH LLVM-exception
    license_family: Apache
    size: 1160232
    timestamp: 1686896993785
  - kind: conda
    name: libexpat
    version: 2.6.2
    build: h59595ed_0
    subdir: linux-64
    url: https://conda.anaconda.org/conda-forge/linux-64/libexpat-2.6.2-h59595ed_0.conda
    sha256: 331bb7c7c05025343ebd79f86ae612b9e1e74d2687b8f3179faec234f986ce19
    md5: e7ba12deb7020dd080c6c70e7b6f6a3d
    depends:
      - libgcc-ng >=12
    constrains:
      - expat 2.6.2.*
    license: MIT
    license_family: MIT
    size: 73730
    timestamp: 1710362120304
  - kind: conda
    name: libexpat
    version: 2.6.2
    build: hebf3989_0
    subdir: osx-arm64
    url: https://conda.anaconda.org/conda-forge/osx-arm64/libexpat-2.6.2-hebf3989_0.conda
    sha256: ba7173ac30064ea901a4c9fb5a51846dcc25512ceb565759be7d18cbf3e5415e
    md5: e3cde7cfa87f82f7cb13d482d5e0ad09
    constrains:
      - expat 2.6.2.*
    license: MIT
    license_family: MIT
    size: 63655
    timestamp: 1710362424980
  - kind: conda
    name: libffi
    version: 3.4.2
    build: h3422bc3_5
    build_number: 5
    subdir: osx-arm64
    url: https://conda.anaconda.org/conda-forge/osx-arm64/libffi-3.4.2-h3422bc3_5.tar.bz2
    sha256: 41b3d13efb775e340e4dba549ab5c029611ea6918703096b2eaa9c015c0750ca
    md5: 086914b672be056eb70fd4285b6783b6
    license: MIT
    license_family: MIT
    size: 39020
    timestamp: 1636488587153
  - kind: conda
    name: libffi
    version: 3.4.2
    build: h7f98852_5
    build_number: 5
    subdir: linux-64
    url: https://conda.anaconda.org/conda-forge/linux-64/libffi-3.4.2-h7f98852_5.tar.bz2
    sha256: ab6e9856c21709b7b517e940ae7028ae0737546122f83c2aa5d692860c3b149e
    md5: d645c6d2ac96843a2bfaccd2d62b3ac3
    depends:
      - libgcc-ng >=9.4.0
    license: MIT
    license_family: MIT
    size: 58292
    timestamp: 1636488182923
  - kind: conda
    name: libgcc-ng
    version: 13.2.0
    build: hc881cc4_6
    build_number: 6
    subdir: linux-64
    url: https://conda.anaconda.org/conda-forge/linux-64/libgcc-ng-13.2.0-hc881cc4_6.conda
    sha256: 836a0057525f1414de43642d357d0ab21ac7f85e24800b010dbc17d132e6efec
    md5: df88796bd09a0d2ed292e59101478ad8
    depends:
      - _libgcc_mutex 0.1 conda_forge
      - _openmp_mutex >=4.5
    constrains:
      - libgomp 13.2.0 hc881cc4_6
    license: GPL-3.0-only WITH GCC-exception-3.1
    license_family: GPL
    size: 777315
    timestamp: 1713755001744
  - kind: conda
    name: libgomp
    version: 13.2.0
    build: hc881cc4_6
    build_number: 6
    subdir: linux-64
    url: https://conda.anaconda.org/conda-forge/linux-64/libgomp-13.2.0-hc881cc4_6.conda
    sha256: e722b19b23b31a14b1592d5eceabb38dc52452ff5e4d346e330526971c22e52a
    md5: aae89d3736661c36a5591788aebd0817
    depends:
      - _libgcc_mutex 0.1 conda_forge
    license: GPL-3.0-only WITH GCC-exception-3.1
    license_family: GPL
    size: 422363
    timestamp: 1713754915251
  - kind: conda
    name: libnsl
    version: 2.0.1
    build: hd590300_0
    subdir: linux-64
    url: https://conda.anaconda.org/conda-forge/linux-64/libnsl-2.0.1-hd590300_0.conda
    sha256: 26d77a3bb4dceeedc2a41bd688564fe71bf2d149fdcf117049970bc02ff1add6
    md5: 30fd6e37fe21f86f4bd26d6ee73eeec7
    depends:
      - libgcc-ng >=12
    license: LGPL-2.1-only
    license_family: GPL
    size: 33408
    timestamp: 1697359010159
  - kind: conda
    name: libsqlite
    version: 3.45.3
    build: h091b4b1_0
    subdir: osx-arm64
    url: https://conda.anaconda.org/conda-forge/osx-arm64/libsqlite-3.45.3-h091b4b1_0.conda
    sha256: 4337f466eb55bbdc74e168b52ec8c38f598e3664244ec7a2536009036e2066cc
    md5: c8c1186c7f3351f6ffddb97b1f54fc58
    depends:
      - libzlib >=1.2.13,<1.3.0a0
    license: Unlicense
    size: 824794
    timestamp: 1713367748819
  - kind: conda
    name: libsqlite
    version: 3.45.3
    build: h2797004_0
    subdir: linux-64
    url: https://conda.anaconda.org/conda-forge/linux-64/libsqlite-3.45.3-h2797004_0.conda
    sha256: e2273d6860eadcf714a759ffb6dc24a69cfd01f2a0ea9d6c20f86049b9334e0c
    md5: b3316cbe90249da4f8e84cd66e1cc55b
    depends:
      - libgcc-ng >=12
      - libzlib >=1.2.13,<1.3.0a0
    license: Unlicense
    size: 859858
    timestamp: 1713367435849
  - kind: conda
    name: libstdcxx-ng
    version: 13.2.0
    build: h95c4c6d_6
    build_number: 6
    subdir: linux-64
    url: https://conda.anaconda.org/conda-forge/linux-64/libstdcxx-ng-13.2.0-h95c4c6d_6.conda
    sha256: 2616dbf9d28431eea20b6e307145c6a92ea0328a047c725ff34b0316de2617da
    md5: 3cfab3e709f77e9f1b3d380eb622494a
    license: GPL-3.0-only WITH GCC-exception-3.1
    license_family: GPL
    size: 3842900
    timestamp: 1713755068572
  - kind: conda
    name: libuuid
    version: 2.38.1
    build: h0b41bf4_0
    subdir: linux-64
    url: https://conda.anaconda.org/conda-forge/linux-64/libuuid-2.38.1-h0b41bf4_0.conda
    sha256: 787eb542f055a2b3de553614b25f09eefb0a0931b0c87dbcce6efdfd92f04f18
    md5: 40b61aab5c7ba9ff276c41cfffe6b80b
    depends:
      - libgcc-ng >=12
    license: BSD-3-Clause
    license_family: BSD
    size: 33601
    timestamp: 1680112270483
  - kind: conda
    name: libuv
    version: 1.48.0
    build: h93a5062_0
    subdir: osx-arm64
    url: https://conda.anaconda.org/conda-forge/osx-arm64/libuv-1.48.0-h93a5062_0.conda
    sha256: 60bed2a7a85096387ab0381cbc32ea2da7f8dd99bd90e440983019c0cdd96ad1
    md5: abfd49e80f13453b62a56be226120ea8
    license: MIT
    license_family: MIT
    size: 405988
    timestamp: 1709913494015
  - kind: conda
    name: libuv
    version: 1.48.0
    build: hd590300_0
    subdir: linux-64
    url: https://conda.anaconda.org/conda-forge/linux-64/libuv-1.48.0-hd590300_0.conda
    sha256: b7c0e8a0c93c2621be7645b37123d4e8d27e8a974da26a3fba47a9c37711aa7f
    md5: 7e8b914b1062dd4386e3de4d82a3ead6
    depends:
      - libgcc-ng >=12
    license: MIT
    license_family: MIT
    size: 899979
    timestamp: 1709913354710
  - kind: conda
    name: libxcrypt
    version: 4.4.36
    build: hd590300_1
    build_number: 1
    subdir: linux-64
    url: https://conda.anaconda.org/conda-forge/linux-64/libxcrypt-4.4.36-hd590300_1.conda
    sha256: 6ae68e0b86423ef188196fff6207ed0c8195dd84273cb5623b85aa08033a410c
    md5: 5aa797f8787fe7a17d1b0821485b5adc
    depends:
      - libgcc-ng >=12
    license: LGPL-2.1-or-later
    size: 100393
    timestamp: 1702724383534
  - kind: conda
    name: libzlib
    version: 1.2.13
    build: h53f4e23_5
    build_number: 5
    subdir: osx-arm64
    url: https://conda.anaconda.org/conda-forge/osx-arm64/libzlib-1.2.13-h53f4e23_5.conda
    sha256: ab1c8aefa2d54322a63aaeeefe9cf877411851738616c4068e0dccc66b9c758a
    md5: 1a47f5236db2e06a320ffa0392f81bd8
    constrains:
      - zlib 1.2.13 *_5
    license: Zlib
    license_family: Other
    size: 48102
    timestamp: 1686575426584
  - kind: conda
    name: libzlib
    version: 1.2.13
    build: hd590300_5
    build_number: 5
    subdir: linux-64
    url: https://conda.anaconda.org/conda-forge/linux-64/libzlib-1.2.13-hd590300_5.conda
    sha256: 370c7c5893b737596fd6ca0d9190c9715d89d888b8c88537ae1ef168c25e82e4
    md5: f36c115f1ee199da648e0597ec2047ad
    depends:
      - libgcc-ng >=12
    constrains:
      - zlib 1.2.13 *_5
    license: Zlib
    license_family: Other
    size: 61588
    timestamp: 1686575217516
  - kind: conda
    name: ncurses
    version: 6.4.20240210
    build: h078ce10_0
    subdir: osx-arm64
    url: https://conda.anaconda.org/conda-forge/osx-arm64/ncurses-6.4.20240210-h078ce10_0.conda
    sha256: 06f0905791575e2cd3aa961493c56e490b3d82ad9eb49f1c332bd338b0216911
    md5: 616ae8691e6608527d0071e6766dcb81
    license: X11 AND BSD-3-Clause
    size: 820249
    timestamp: 1710866874348
  - kind: conda
    name: ncurses
    version: 6.4.20240210
    build: h59595ed_0
    subdir: linux-64
    url: https://conda.anaconda.org/conda-forge/linux-64/ncurses-6.4.20240210-h59595ed_0.conda
    sha256: aa0f005b6727aac6507317ed490f0904430584fa8ca722657e7f0fb94741de81
    md5: 97da8860a0da5413c7c98a3b3838a645
    depends:
      - libgcc-ng >=12
    license: X11 AND BSD-3-Clause
    size: 895669
    timestamp: 1710866638986
  - kind: conda
    name: nodeenv
    version: 1.8.0
    build: pyhd8ed1ab_0
    subdir: noarch
    noarch: python
    url: https://conda.anaconda.org/conda-forge/noarch/nodeenv-1.8.0-pyhd8ed1ab_0.conda
    sha256: 1320306234552717149f36f825ddc7e27ea295f24829e9db4cc6ceaff0b032bd
    md5: 2a75b296096adabbabadd5e9782e5fcc
    depends:
      - python 2.7|>=3.7
      - setuptools
    license: BSD-3-Clause
    license_family: BSD
    size: 34358
    timestamp: 1683893151613
  - kind: conda
    name: nodejs
    version: 20.12.2
    build: h3b52c9b_0
    subdir: osx-arm64
    url: https://conda.anaconda.org/conda-forge/osx-arm64/nodejs-20.12.2-h3b52c9b_0.conda
    sha256: 81ea2a695b4b97ce6066220b9e54232e67b4a1e3eac3fc7016c08a463c588478
    md5: 0ba66fae46df4a035db42e2230453604
    depends:
      - icu >=73.2,<74.0a0
      - libcxx >=16
      - libuv >=1.48.0,<1.49.0a0
      - libzlib >=1.2.13,<1.3.0a0
      - openssl >=3.2.1,<4.0a0
      - zlib
    license: MIT
    license_family: MIT
    size: 11674337
    timestamp: 1714140786813
  - kind: conda
    name: nodejs
    version: 20.12.2
    build: hb753e55_0
    subdir: linux-64
    url: https://conda.anaconda.org/conda-forge/linux-64/nodejs-20.12.2-hb753e55_0.conda
    sha256: 2f5813d9718963861314c6d9f75fe4630c3e6d078ec1e792770daf9ce7ac5c4f
    md5: 1fd16ca757a195c4357a1fbb2cb553b5
    depends:
      - __glibc >=2.17,<3.0.a0
      - icu >=73.2,<74.0a0
      - libgcc-ng >=12
      - libstdcxx-ng >=12
      - libuv >=1.48.0,<1.49.0a0
      - libzlib >=1.2.13,<1.3.0a0
      - openssl >=3.2.1,<4.0a0
      - zlib
    license: MIT
    license_family: MIT
    size: 17183636
    timestamp: 1714128011970
  - kind: conda
    name: openssl
    version: 3.2.1
    build: h0d3ecfb_1
    build_number: 1
    subdir: osx-arm64
    url: https://conda.anaconda.org/conda-forge/osx-arm64/openssl-3.2.1-h0d3ecfb_1.conda
    sha256: 519dc941d7ab0ebf31a2878d85c2f444450e7c5f6f41c4d07252c6bb3417b78b
    md5: eb580fb888d93d5d550c557323ac5cee
    depends:
      - ca-certificates
    constrains:
      - pyopenssl >=22.1
    license: Apache-2.0
    license_family: Apache
    size: 2855250
    timestamp: 1710793435903
  - kind: conda
    name: openssl
    version: 3.2.1
    build: hd590300_1
    build_number: 1
    subdir: linux-64
    url: https://conda.anaconda.org/conda-forge/linux-64/openssl-3.2.1-hd590300_1.conda
    sha256: 2c689444ed19a603be457284cf2115ee728a3fafb7527326e96054dee7cdc1a7
    md5: 9d731343cff6ee2e5a25c4a091bf8e2a
    depends:
      - ca-certificates
      - libgcc-ng >=12
    constrains:
      - pyopenssl >=22.1
    license: Apache-2.0
    license_family: Apache
    size: 2865379
    timestamp: 1710793235846
  - kind: conda
    name: platformdirs
    version: 4.2.1
    build: pyhd8ed1ab_0
    subdir: noarch
    noarch: python
    url: https://conda.anaconda.org/conda-forge/noarch/platformdirs-4.2.1-pyhd8ed1ab_0.conda
    sha256: 5718fef2954f016834058ae1d359e407ff8e2e847b35ab43d5d91bcf22d5578d
    md5: d478a8a3044cdff1aa6e62f9269cefe0
    depends:
      - python >=3.8
    license: MIT
    license_family: MIT
    size: 20248
    timestamp: 1713912912262
  - kind: conda
    name: pnpm
    version: 9.0.6
    build: hc20fca1_0
    subdir: osx-arm64
    url: https://conda.anaconda.org/conda-forge/osx-arm64/pnpm-9.0.6-hc20fca1_0.conda
    sha256: 29b1eebe8a6ab61fc41caffff4efbb12ab71e8574496a7a5c569eea4a9ae3e1a
    md5: a6cfe900c1c735f7ec33e29601cf16f5
    depends:
      - __osx >=11.0
      - libcxx >=16
      - nodejs >=20.9.0,<21.0a0
    license: MIT
    license_family: MIT
    size: 3259020
    timestamp: 1714031480335
  - kind: conda
    name: pnpm
    version: 9.0.6
    build: heac0031_0
    subdir: linux-64
    url: https://conda.anaconda.org/conda-forge/linux-64/pnpm-9.0.6-heac0031_0.conda
    sha256: 125276261a5830ce41d997acd2c49f1ba733cc2616b815256c953b819285ba57
    md5: 278c71b106f7e4a5859445bfe4e03b82
    depends:
      - libgcc-ng >=12
      - libstdcxx-ng >=12
      - nodejs >=20.9.0,<21.0a0
    license: MIT
    license_family: MIT
    size: 3280315
    timestamp: 1714031036315
  - kind: conda
    name: pre-commit
    version: 3.7.0
    build: pyha770c72_0
    subdir: noarch
    noarch: python
    url: https://conda.anaconda.org/conda-forge/noarch/pre-commit-3.7.0-pyha770c72_0.conda
    sha256: b7a1d56fb1374df77019521bbcbe109ff17337181c4d392918e5ec1a10a9df87
    md5: 846ba0877cda9c4f11e13720cacd1968
    depends:
      - cfgv >=2.0.0
      - identify >=1.0.0
      - nodeenv >=0.11.1
      - python >=3.9
      - pyyaml >=5.1
      - virtualenv >=20.10.0
    license: MIT
    license_family: MIT
    size: 180574
    timestamp: 1711480432386
  - kind: conda
    name: pycparser
    version: "2.22"
    build: pyhd8ed1ab_0
    subdir: noarch
    noarch: python
    url: https://conda.anaconda.org/conda-forge/noarch/pycparser-2.22-pyhd8ed1ab_0.conda
    sha256: 406001ebf017688b1a1554b49127ca3a4ac4626ec0fd51dc75ffa4415b720b64
    md5: 844d9eb3b43095b031874477f7d70088
    depends:
      - python >=3.8
    license: BSD-3-Clause
    license_family: BSD
    size: 105098
    timestamp: 1711811634025
  - kind: conda
    name: python
    version: 3.12.3
    build: h4a7b5fc_0_cpython
    subdir: osx-arm64
    url: https://conda.anaconda.org/conda-forge/osx-arm64/python-3.12.3-h4a7b5fc_0_cpython.conda
    sha256: c761fb3713ea66bce3889b33b6f400afb2dd192d1fc2686446e9d8166cfcec6b
    md5: 8643ab37bece6ae8f112464068d9df9c
    depends:
      - __osx >=11.0
      - bzip2 >=1.0.8,<2.0a0
      - libexpat >=2.6.2,<3.0a0
      - libffi >=3.4,<4.0a0
      - libsqlite >=3.45.2,<4.0a0
      - libzlib >=1.2.13,<1.3.0a0
      - ncurses >=6.4.20240210,<7.0a0
      - openssl >=3.2.1,<4.0a0
      - readline >=8.2,<9.0a0
      - tk >=8.6.13,<8.7.0a0
      - tzdata
      - xz >=5.2.6,<6.0a0
    constrains:
      - python_abi 3.12.* *_cp312
    license: Python-2.0
    size: 13207557
    timestamp: 1713206576646
  - kind: conda
    name: python
    version: 3.12.3
    build: hab00c5b_0_cpython
    subdir: linux-64
    url: https://conda.anaconda.org/conda-forge/linux-64/python-3.12.3-hab00c5b_0_cpython.conda
    sha256: f9865bcbff69f15fd89a33a2da12ad616e98d65ce7c83c644b92e66e5016b227
    md5: 2540b74d304f71d3e89c81209db4db84
    depends:
      - bzip2 >=1.0.8,<2.0a0
      - ld_impl_linux-64 >=2.36.1
      - libexpat >=2.6.2,<3.0a0
      - libffi >=3.4,<4.0a0
      - libgcc-ng >=12
      - libnsl >=2.0.1,<2.1.0a0
      - libsqlite >=3.45.2,<4.0a0
      - libuuid >=2.38.1,<3.0a0
      - libxcrypt >=4.4.36
      - libzlib >=1.2.13,<1.3.0a0
      - ncurses >=6.4.20240210,<7.0a0
      - openssl >=3.2.1,<4.0a0
      - readline >=8.2,<9.0a0
      - tk >=8.6.13,<8.7.0a0
      - tzdata
      - xz >=5.2.6,<6.0a0
    constrains:
      - python_abi 3.12.* *_cp312
    license: Python-2.0
    size: 31991381
    timestamp: 1713208036041
  - kind: conda
    name: python_abi
    version: "3.12"
    build: 4_cp312
    build_number: 4
    subdir: linux-64
    url: https://conda.anaconda.org/conda-forge/linux-64/python_abi-3.12-4_cp312.conda
    sha256: 182a329de10a4165f6e8a3804caf751f918f6ea6176dd4e5abcdae1ed3095bf6
    md5: dccc2d142812964fcc6abdc97b672dff
    constrains:
      - python 3.12.* *_cpython
    license: BSD-3-Clause
    license_family: BSD
    size: 6385
    timestamp: 1695147396604
  - kind: conda
    name: python_abi
    version: "3.12"
    build: 4_cp312
    build_number: 4
    subdir: osx-arm64
    url: https://conda.anaconda.org/conda-forge/osx-arm64/python_abi-3.12-4_cp312.conda
    sha256: db25428e4f24f8693ffa39f3ff6dfbb8fd53bc298764b775b57edab1c697560f
    md5: bbb3a02c78b2d8219d7213f76d644a2a
    constrains:
      - python 3.12.* *_cpython
    license: BSD-3-Clause
    license_family: BSD
    size: 6508
    timestamp: 1695147497048
  - kind: conda
    name: pyyaml
    version: 6.0.1
    build: py312h02f2b3b_1
    build_number: 1
    subdir: osx-arm64
    url: https://conda.anaconda.org/conda-forge/osx-arm64/pyyaml-6.0.1-py312h02f2b3b_1.conda
    sha256: b6b4027b89c17b9bbd8089aec3e44bc29f802a7d5668d5a75b5358d7ed9705ca
    md5: a0c843e52a1c4422d8657dd76e9eb994
    depends:
      - python >=3.12.0rc3,<3.13.0a0
      - python >=3.12.0rc3,<3.13.0a0 *_cpython
      - python_abi 3.12.* *_cp312
      - yaml >=0.2.5,<0.3.0a0
    license: MIT
    license_family: MIT
    size: 182705
    timestamp: 1695373895409
  - kind: conda
    name: pyyaml
    version: 6.0.1
    build: py312h98912ed_1
    build_number: 1
    subdir: linux-64
    url: https://conda.anaconda.org/conda-forge/linux-64/pyyaml-6.0.1-py312h98912ed_1.conda
    sha256: 7f347a10a7121b08d79d21cd4f438c07c23479ea0c74dfb89d6dc416f791bb7f
    md5: e3fd78d8d490af1d84763b9fe3f2e552
    depends:
      - libgcc-ng >=12
      - python >=3.12.0rc3,<3.13.0a0
      - python_abi 3.12.* *_cp312
      - yaml >=0.2.5,<0.3.0a0
    license: MIT
    license_family: MIT
    size: 196583
    timestamp: 1695373632212
  - kind: conda
    name: readline
    version: "8.2"
    build: h8228510_1
    build_number: 1
    subdir: linux-64
    url: https://conda.anaconda.org/conda-forge/linux-64/readline-8.2-h8228510_1.conda
    sha256: 5435cf39d039387fbdc977b0a762357ea909a7694d9528ab40f005e9208744d7
    md5: 47d31b792659ce70f470b5c82fdfb7a4
    depends:
      - libgcc-ng >=12
      - ncurses >=6.3,<7.0a0
    license: GPL-3.0-only
    license_family: GPL
    size: 281456
    timestamp: 1679532220005
  - kind: conda
    name: readline
    version: "8.2"
    build: h92ec313_1
    build_number: 1
    subdir: osx-arm64
    url: https://conda.anaconda.org/conda-forge/osx-arm64/readline-8.2-h92ec313_1.conda
    sha256: a1dfa679ac3f6007362386576a704ad2d0d7a02e98f5d0b115f207a2da63e884
    md5: 8cbb776a2f641b943d413b3e19df71f4
    depends:
      - ncurses >=6.3,<7.0a0
    license: GPL-3.0-only
    license_family: GPL
    size: 250351
    timestamp: 1679532511311
  - kind: conda
    name: setuptools
    version: 69.5.1
    build: pyhd8ed1ab_0
    subdir: noarch
    noarch: python
    url: https://conda.anaconda.org/conda-forge/noarch/setuptools-69.5.1-pyhd8ed1ab_0.conda
    sha256: 72d143408507043628b32bed089730b6d5f5445eccc44b59911ec9f262e365e7
    md5: 7462280d81f639363e6e63c81276bd9e
    depends:
      - python >=3.8
    license: MIT
    license_family: MIT
    size: 501790
    timestamp: 1713094963112
  - kind: conda
    name: terraform
    version: 1.8.2
    build: h75b854d_0
    subdir: osx-arm64
    url: https://conda.anaconda.org/conda-forge/osx-arm64/terraform-1.8.2-h75b854d_0.conda
    sha256: f6291d2ab677deafb87cc341431a6a59bb48f9662168c13904907f36da0c2d00
    md5: 2216245da4c0fc7aaa09d725594e93cf
    license: BUSL-1.1
    size: 18710451
    timestamp: 1713993492743
  - kind: conda
    name: terraform
    version: 1.8.2
    build: ha8f183a_0
    subdir: linux-64
    url: https://conda.anaconda.org/conda-forge/linux-64/terraform-1.8.2-ha8f183a_0.conda
    sha256: f1820856669e25188db79cda9dec150a5f647996847d1be80325284a04c00358
    md5: 66add423d473819db83cbddaa3f0af3a
    license: BUSL-1.1
    size: 19587987
    timestamp: 1713993332748
  - kind: conda
    name: tk
    version: 8.6.13
    build: h5083fa2_1
    build_number: 1
    subdir: osx-arm64
    url: https://conda.anaconda.org/conda-forge/osx-arm64/tk-8.6.13-h5083fa2_1.conda
    sha256: 72457ad031b4c048e5891f3f6cb27a53cb479db68a52d965f796910e71a403a8
    md5: b50a57ba89c32b62428b71a875291c9b
    depends:
      - libzlib >=1.2.13,<1.3.0a0
    license: TCL
    license_family: BSD
    size: 3145523
    timestamp: 1699202432999
  - kind: conda
    name: tk
    version: 8.6.13
    build: noxft_h4845f30_101
    build_number: 101
    subdir: linux-64
    url: https://conda.anaconda.org/conda-forge/linux-64/tk-8.6.13-noxft_h4845f30_101.conda
    sha256: e0569c9caa68bf476bead1bed3d79650bb080b532c64a4af7d8ca286c08dea4e
    md5: d453b98d9c83e71da0741bb0ff4d76bc
    depends:
      - libgcc-ng >=12
      - libzlib >=1.2.13,<1.3.0a0
    license: TCL
    license_family: BSD
    size: 3318875
    timestamp: 1699202167581
  - kind: conda
    name: tzdata
    version: 2024a
    build: h0c530f3_0
    subdir: noarch
    noarch: generic
    url: https://conda.anaconda.org/conda-forge/noarch/tzdata-2024a-h0c530f3_0.conda
    sha256: 7b2b69c54ec62a243eb6fba2391b5e443421608c3ae5dbff938ad33ca8db5122
    md5: 161081fc7cec0bfda0d86d7cb595f8d8
    license: LicenseRef-Public-Domain
    size: 119815
    timestamp: 1706886945727
  - kind: conda
    name: ukkonen
    version: 1.0.1
    build: py312h389731b_4
    build_number: 4
    subdir: osx-arm64
    url: https://conda.anaconda.org/conda-forge/osx-arm64/ukkonen-1.0.1-py312h389731b_4.conda
    sha256: 7336cf66feba973207f4903c20b05c3c82e351246df4b6113f72d92b9ee55b81
    md5: 6407429e0969b58b8717dbb4c6c15513
    depends:
      - cffi
      - libcxx >=15.0.7
      - python >=3.12.0rc3,<3.13.0a0
      - python >=3.12.0rc3,<3.13.0a0 *_cpython
      - python_abi 3.12.* *_cp312
    license: MIT
    license_family: MIT
    size: 13948
    timestamp: 1695549890285
  - kind: conda
    name: ukkonen
    version: 1.0.1
    build: py312h8572e83_4
    build_number: 4
    subdir: linux-64
    url: https://conda.anaconda.org/conda-forge/linux-64/ukkonen-1.0.1-py312h8572e83_4.conda
    sha256: f9a4384d466f4d8b5b497d951329dd4407ebe02f8f93456434e9ab789d6e23ce
    md5: 52c9e25ee0a32485a102eeecdb7eef52
    depends:
      - cffi
      - libgcc-ng >=12
      - libstdcxx-ng >=12
      - python >=3.12.0rc3,<3.13.0a0
      - python_abi 3.12.* *_cp312
    license: MIT
    license_family: MIT
    size: 14050
    timestamp: 1695549556745
  - kind: conda
    name: virtualenv
    version: 20.26.0
    build: pyhd8ed1ab_0
    subdir: noarch
    noarch: python
    url: https://conda.anaconda.org/conda-forge/noarch/virtualenv-20.26.0-pyhd8ed1ab_0.conda
    sha256: 3ac7e466b2d804703c8f481bfdcb61ada16d192c6bb545cc7475e4b76cdc8f65
    md5: 7d2bc38bd1777c86cc345e510735d9ff
    depends:
      - distlib <1,>=0.3.7
      - filelock <4,>=3.12.2
      - platformdirs <5,>=3.9.1
      - python >=3.8
    license: MIT
    license_family: MIT
    size: 3458821
    timestamp: 1713930497591
  - kind: conda
    name: xz
    version: 5.2.6
    build: h166bdaf_0
    subdir: linux-64
    url: https://conda.anaconda.org/conda-forge/linux-64/xz-5.2.6-h166bdaf_0.tar.bz2
    sha256: 03a6d28ded42af8a347345f82f3eebdd6807a08526d47899a42d62d319609162
    md5: 2161070d867d1b1204ea749c8eec4ef0
    depends:
      - libgcc-ng >=12
    license: LGPL-2.1 and GPL-2.0
    size: 418368
    timestamp: 1660346797927
  - kind: conda
    name: xz
    version: 5.2.6
    build: h57fd34a_0
    subdir: osx-arm64
    url: https://conda.anaconda.org/conda-forge/osx-arm64/xz-5.2.6-h57fd34a_0.tar.bz2
    sha256: 59d78af0c3e071021cfe82dc40134c19dab8cdf804324b62940f5c8cd71803ec
    md5: 39c6b54e94014701dd157f4f576ed211
    license: LGPL-2.1 and GPL-2.0
    size: 235693
    timestamp: 1660346961024
  - kind: conda
    name: yaml
    version: 0.2.5
    build: h3422bc3_2
    build_number: 2
    subdir: osx-arm64
    url: https://conda.anaconda.org/conda-forge/osx-arm64/yaml-0.2.5-h3422bc3_2.tar.bz2
    sha256: 93181a04ba8cfecfdfb162fc958436d868cc37db504c58078eab4c1a3e57fbb7
    md5: 4bb3f014845110883a3c5ee811fd84b4
    license: MIT
    license_family: MIT
    size: 88016
    timestamp: 1641347076660
  - kind: conda
    name: yaml
    version: 0.2.5
    build: h7f98852_2
    build_number: 2
    subdir: linux-64
    url: https://conda.anaconda.org/conda-forge/linux-64/yaml-0.2.5-h7f98852_2.tar.bz2
    sha256: a4e34c710eeb26945bdbdaba82d3d74f60a78f54a874ec10d373811a5d217535
    md5: 4cb3ad778ec2d5a7acbdf254eb1c42ae
    depends:
      - libgcc-ng >=9.4.0
    license: MIT
    license_family: MIT
    size: 89141
    timestamp: 1641346969816
  - kind: conda
    name: zlib
    version: 1.2.13
    build: h53f4e23_5
    build_number: 5
    subdir: osx-arm64
    url: https://conda.anaconda.org/conda-forge/osx-arm64/zlib-1.2.13-h53f4e23_5.conda
    sha256: de0ee1e24aa6867058d3b852a15c8d7f49f262f5828772700c647186d4a96bbe
    md5: a08383f223b10b71492d27566fafbf6c
    depends:
      - libzlib 1.2.13 h53f4e23_5
    license: Zlib
    license_family: Other
    size: 79577
    timestamp: 1686575471024
  - kind: conda
    name: zlib
    version: 1.2.13
    build: hd590300_5
    build_number: 5
    subdir: linux-64
    url: https://conda.anaconda.org/conda-forge/linux-64/zlib-1.2.13-hd590300_5.conda
    sha256: 9887a04d7e7cb14bd2b52fa01858f05a6d7f002c890f618d9fcd864adbfecb1b
    md5: 68c34ec6149623be41a1933ab996a209
    depends:
      - libgcc-ng >=12
      - libzlib 1.2.13 hd590300_5
    license: Zlib
    license_family: Other
    size: 92825
    timestamp: 1686575231103
