{"format_version":"1.2","terraform_version":"1.13.5","variables":{"test":{"value":42}},"planned_values":{"outputs":{"database_name":{"sensitive":false,"type":"string","value":"../test.txt"}},"root_module":{"resources":[{"address":"local_file.database","mode":"managed","type":"local_file","name":"database","provider_name":"registry.terraform.io/hashicorp/local","schema_version":0,"values":{"content":"database-42","content_base64":null,"directory_permission":"0777","file_permission":"0777","filename":"../test.txt","sensitive_content":null,"source":null},"sensitive_values":{"content":true,"sensitive_content":true}}]}},"resource_changes":[{"address":"local_file.database","mode":"managed","type":"local_file","name":"database","provider_name":"registry.terraform.io/hashicorp/local","change":{"actions":["create"],"before":null,"after":{"content":"database-42","content_base64":null,"directory_permission":"0777","file_permission":"0777","filename":"../test.txt","sensitive_content":null,"source":null},"after_unknown":{"content_base64sha256":true,"content_base64sha512":true,"content_md5":true,"content_sha1":true,"content_sha256":true,"content_sha512":true,"id":true},"before_sensitive":false,"after_sensitive":{"content":true,"sensitive_content":true}}}],"output_changes":{"database_name":{"actions":["create"],"before":null,"after":"../test.txt","after_unknown":false,"before_sensitive":false,"after_sensitive":false}},"prior_state":{"format_version":"1.0","terraform_version":"1.13.5","values":{"outputs":{"database_name":{"sensitive":false,"value":"../test.txt","type":"string"}},"root_module":{}}},"configuration":{"provider_config":{"local":{"name":"local","full_name":"registry.terraform.io/hashicorp/local"}},"root_module":{"outputs":{"database_name":{"expression":{"references":["local_file.database.filename","local_file.database"]}}},"resources":[{"address":"local_file.database","mode":"managed","type":"local_file","name":"database","provider_config_key":"local","expressions":{"content":{"references":["var.test"]},"filename":{"constant_value":"../test.txt"}},"schema_version":0}],"variables":{"test":{"default":42,"sensitive":true}}}},"relevant_attributes":[{"resource":"local_file.database","attribute":["filename"]}],"timestamp": "","applyable":true,"complete":true,"errored":false}
