{
  "format_version": "1.2",
  "terraform_version": "1.13.5",
  "variables": {
    "test": {
      "value": 42
    }
  },
  "planned_values": {
    "root_module": {
      "resources": [
        {
          "address": "local_file.test",
          "mode": "managed",
          "type": "local_file",
          "name": "test",
          "provider_name": "registry.terraform.io/hashicorp/local",
          "schema_version": 0,
          "values": {
            "content": "foobar-42",
            "content_base64": null,
            "directory_permission": "0777",
            "file_permission": "0777",
            "filename": "../test.txt",
            "sensitive_content": null,
            "source": null
          },
          "sensitive_values": {
            "content": true
          }
        },
        {
          "address": "local_file.test2",
          "mode": "managed",
          "type": "local_file",
          "name": "test2",
          "provider_name": "registry.terraform.io/hashicorp/local",
          "schema_version": 0,
          "values": {
            "content": "foobar",
            "content_base64": null,
            "content_base64sha256": "w6uP8Tcg6K2QR905Rms8iXTlksL6OD1KOWBxTK7wxPI=",
            "content_base64sha512": "ClAmHr0aOQ/tK/Mm8mc8FFWCpjQtUjIElz0CGTN/gWFqgGmwElh89WNfaSXxtWw2AjDBmyc1AO4BPgMGAb8kJQ==",
            "content_md5": "3858f62230ac3c915f300c664312c63f",
            "content_sha1": "8843d7f92416211de9ebb963ff4ce28125932878",
            "content_sha256": "c3ab8ff13720e8ad9047dd39466b3c8974e592c2fa383d4a3960714caef0c4f2",
            "content_sha512": "0a50261ebd1a390fed2bf326f2673c145582a6342d523204973d0219337f81616a8069b012587cf5635f6925f1b56c360230c19b273500ee013e030601bf2425",
            "directory_permission": "0777",
            "file_permission": "0777",
            "filename": "../test2.txt",
            "id": "8843d7f92416211de9ebb963ff4ce28125932878",
            "sensitive_content": null,
            "source": null
          },
          "sensitive_values": {
            "sensitive_content": true
          }
        },
        {
          "address": "local_file.test3",
          "mode": "managed",
          "type": "local_file",
          "name": "test3",
          "provider_name": "registry.terraform.io/hashicorp/local",
          "schema_version": 0,
          "values": {
            "content": "just a line\n  - just a line with hyphen\n    + just a line with plus sign\nnormal line\n  - line with hyphen\n    + line with plus sign\n",
            "content_base64": null,
            "directory_permission": "0777",
            "file_permission": "0777",
            "filename": "../test3.txt",
            "sensitive_content": null,
            "source": null
          },
          "sensitive_values": {}
        }
      ]
    }
  },
  "resource_changes": [
    {
      "address": "local_file.test",
      "mode": "managed",
      "type": "local_file",
      "name": "test",
      "provider_name": "registry.terraform.io/hashicorp/local",
      "change": {
        "actions": [
          "delete",
          "create"
        ],
        "before": {
          "content": "foo-42",
          "content_base64": null,
          "content_base64sha256": "/lWY64A+bW2mlroLqqzsIFblHqeaXxuVLpjj6nnPbOQ=",
          "content_base64sha512": "FkR2ZuWihRqCFStGn/+nTXoiemWT3jRKZN52sPETsAVvsCnSEtcylj2/g3DZHH72AUIkIe/LXV0xGRQzhy96CQ==",
          "content_md5": "80080f5c98960d0cbcfa2fd5c8bf3f5f",
          "content_sha1": "a9e61004a1ffc8f676b68225a06bb082677aeb89",
          "content_sha256": "fe5598eb803e6d6da696ba0baaacec2056e51ea79a5f1b952e98e3ea79cf6ce4",
          "content_sha512": "16447666e5a2851a82152b469fffa74d7a227a6593de344a64de76b0f113b0056fb029d212d732963dbf8370d91c7ef601422421efcb5d5d31191433872f7a09",
          "directory_permission": "0777",
          "file_permission": "0777",
          "filename": "../test.txt",
          "id": "a9e61004a1ffc8f676b68225a06bb082677aeb89",
          "sensitive_content": null,
          "source": null
        },
        "after": {
          "content": "foobar-42",
          "content_base64": null,
          "directory_permission": "0777",
          "file_permission": "0777",
          "filename": "../test.txt",
          "sensitive_content": null,
          "source": null
        },
        "after_unknown": {
          "content_base64sha256": true,
          "content_base64sha512": true,
          "content_md5": true,
          "content_sha1": true,
          "content_sha256": true,
          "content_sha512": true,
          "id": true
        },
        "before_sensitive": {
          "content": true,
          "sensitive_content": true
        },
        "after_sensitive": {
          "content": true,
          "sensitive_content": true
        },
        "replace_paths": [
          [
            "content"
          ]
        ]
      },
      "action_reason": "replace_because_cannot_update"
    },
    {
      "address": "local_file.test2",
      "mode": "managed",
      "type": "local_file",
      "name": "test2",
      "provider_name": "registry.terraform.io/hashicorp/local",
      "change": {
        "actions": [
          "no-op"
        ],
        "before": {
          "content": "foobar",
          "content_base64": null,
          "content_base64sha256": "w6uP8Tcg6K2QR905Rms8iXTlksL6OD1KOWBxTK7wxPI=",
          "content_base64sha512": "ClAmHr0aOQ/tK/Mm8mc8FFWCpjQtUjIElz0CGTN/gWFqgGmwElh89WNfaSXxtWw2AjDBmyc1AO4BPgMGAb8kJQ==",
          "content_md5": "3858f62230ac3c915f300c664312c63f",
          "content_sha1": "8843d7f92416211de9ebb963ff4ce28125932878",
          "content_sha256": "c3ab8ff13720e8ad9047dd39466b3c8974e592c2fa383d4a3960714caef0c4f2",
          "content_sha512": "0a50261ebd1a390fed2bf326f2673c145582a6342d523204973d0219337f81616a8069b012587cf5635f6925f1b56c360230c19b273500ee013e030601bf2425",
          "directory_permission": "0777",
          "file_permission": "0777",
          "filename": "../test2.txt",
          "id": "8843d7f92416211de9ebb963ff4ce28125932878",
          "sensitive_content": null,
          "source": null
        },
        "after": {
          "content": "foobar",
          "content_base64": null,
          "content_base64sha256": "w6uP8Tcg6K2QR905Rms8iXTlksL6OD1KOWBxTK7wxPI=",
          "content_base64sha512": "ClAmHr0aOQ/tK/Mm8mc8FFWCpjQtUjIElz0CGTN/gWFqgGmwElh89WNfaSXxtWw2AjDBmyc1AO4BPgMGAb8kJQ==",
          "content_md5": "3858f62230ac3c915f300c664312c63f",
          "content_sha1": "8843d7f92416211de9ebb963ff4ce28125932878",
          "content_sha256": "c3ab8ff13720e8ad9047dd39466b3c8974e592c2fa383d4a3960714caef0c4f2",
          "content_sha512": "0a50261ebd1a390fed2bf326f2673c145582a6342d523204973d0219337f81616a8069b012587cf5635f6925f1b56c360230c19b273500ee013e030601bf2425",
          "directory_permission": "0777",
          "file_permission": "0777",
          "filename": "../test2.txt",
          "id": "8843d7f92416211de9ebb963ff4ce28125932878",
          "sensitive_content": null,
          "source": null
        },
        "after_unknown": {},
        "before_sensitive": {
          "sensitive_content": true
        },
        "after_sensitive": {
          "sensitive_content": true
        }
      }
    },
    {
      "address": "local_file.test3",
      "mode": "managed",
      "type": "local_file",
      "name": "test3",
      "provider_name": "registry.terraform.io/hashicorp/local",
      "change": {
        "actions": [
          "delete",
          "create"
        ],
        "before": {
          "content": "normal line\n  - line with hyphen\n    + line with plus sign\nnormal line\n  - line with hyphen\n    + line with plus sign\n",
          "content_base64": null,
          "content_base64sha256": "i6WqvHPC6ZjygE/WNi8GaFoWXCAxsscdX/wytuFL3Jg=",
          "content_base64sha512": "dtbccmPsKzWw02pCkvJZ1EntGt6yNsS9sd8dwhhlHmtPfw5r5MlVoYrMgo2G9iP3S175gLv2bT+WYLF5ZqIUbQ==",
          "content_md5": "aeb7a1c5d4e21f4ef5977c3ffecdb5d4",
          "content_sha1": "9b900384cf991dcf2b4b5d24ffc31aead814a9f2",
          "content_sha256": "8ba5aabc73c2e998f2804fd6362f06685a165c2031b2c71d5ffc32b6e14bdc98",
          "content_sha512": "76d6dc7263ec2b35b0d36a4292f259d449ed1adeb236c4bdb1df1dc218651e6b4f7f0e6be4c955a18acc828d86f623f74b5ef980bbf66d3f9660b17966a2146d",
          "directory_permission": "0777",
          "file_permission": "0777",
          "filename": "../test3.txt",
          "id": "9b900384cf991dcf2b4b5d24ffc31aead814a9f2",
          "sensitive_content": null,
          "source": null
        },
        "after": {
          "content": "just a line\n  - just a line with hyphen\n    + just a line with plus sign\nnormal line\n  - line with hyphen\n    + line with plus sign\n",
          "content_base64": null,
          "directory_permission": "0777",
          "file_permission": "0777",
          "filename": "../test3.txt",
          "sensitive_content": null,
          "source": null
        },
        "after_unknown": {
          "content_base64sha256": true,
          "content_base64sha512": true,
          "content_md5": true,
          "content_sha1": true,
          "content_sha256": true,
          "content_sha512": true,
          "id": true
        },
        "before_sensitive": {
          "sensitive_content": true
        },
        "after_sensitive": {
          "sensitive_content": true
        },
        "replace_paths": [
          [
            "content"
          ]
        ]
      },
      "action_reason": "replace_because_cannot_update"
    }
  ],
  "prior_state": {
    "format_version": "1.0",
    "terraform_version": "1.13.5",
    "values": {
      "root_module": {
        "resources": [
          {
            "address": "local_file.test",
            "mode": "managed",
            "type": "local_file",
            "name": "test",
            "provider_name": "registry.terraform.io/hashicorp/local",
            "schema_version": 0,
            "values": {
              "content": "foo-42",
              "content_base64": null,
              "content_base64sha256": "/lWY64A+bW2mlroLqqzsIFblHqeaXxuVLpjj6nnPbOQ=",
              "content_base64sha512": "FkR2ZuWihRqCFStGn/+nTXoiemWT3jRKZN52sPETsAVvsCnSEtcylj2/g3DZHH72AUIkIe/LXV0xGRQzhy96CQ==",
              "content_md5": "80080f5c98960d0cbcfa2fd5c8bf3f5f",
              "content_sha1": "a9e61004a1ffc8f676b68225a06bb082677aeb89",
              "content_sha256": "fe5598eb803e6d6da696ba0baaacec2056e51ea79a5f1b952e98e3ea79cf6ce4",
              "content_sha512": "16447666e5a2851a82152b469fffa74d7a227a6593de344a64de76b0f113b0056fb029d212d732963dbf8370d91c7ef601422421efcb5d5d31191433872f7a09",
              "directory_permission": "0777",
              "file_permission": "0777",
              "filename": "../test.txt",
              "id": "a9e61004a1ffc8f676b68225a06bb082677aeb89",
              "sensitive_content": null,
              "source": null
            },
            "sensitive_values": {
              "content": true,
              "sensitive_content": true
            }
          },
          {
            "address": "local_file.test2",
            "mode": "managed",
            "type": "local_file",
            "name": "test2",
            "provider_name": "registry.terraform.io/hashicorp/local",
            "schema_version": 0,
            "values": {
              "content": "foobar",
              "content_base64": null,
              "content_base64sha256": "w6uP8Tcg6K2QR905Rms8iXTlksL6OD1KOWBxTK7wxPI=",
              "content_base64sha512": "ClAmHr0aOQ/tK/Mm8mc8FFWCpjQtUjIElz0CGTN/gWFqgGmwElh89WNfaSXxtWw2AjDBmyc1AO4BPgMGAb8kJQ==",
              "content_md5": "3858f62230ac3c915f300c664312c63f",
              "content_sha1": "8843d7f92416211de9ebb963ff4ce28125932878",
              "content_sha256": "c3ab8ff13720e8ad9047dd39466b3c8974e592c2fa383d4a3960714caef0c4f2",
              "content_sha512": "0a50261ebd1a390fed2bf326f2673c145582a6342d523204973d0219337f81616a8069b012587cf5635f6925f1b56c360230c19b273500ee013e030601bf2425",
              "directory_permission": "0777",
              "file_permission": "0777",
              "filename": "../test2.txt",
              "id": "8843d7f92416211de9ebb963ff4ce28125932878",
              "sensitive_content": null,
              "source": null
            },
            "sensitive_values": {
              "sensitive_content": true
            }
          },
          {
            "address": "local_file.test3",
            "mode": "managed",
            "type": "local_file",
            "name": "test3",
            "provider_name": "registry.terraform.io/hashicorp/local",
            "schema_version": 0,
            "values": {
              "content": "normal line\n  - line with hyphen\n    + line with plus sign\nnormal line\n  - line with hyphen\n    + line with plus sign\n",
              "content_base64": null,
              "content_base64sha256": "i6WqvHPC6ZjygE/WNi8GaFoWXCAxsscdX/wytuFL3Jg=",
              "content_base64sha512": "dtbccmPsKzWw02pCkvJZ1EntGt6yNsS9sd8dwhhlHmtPfw5r5MlVoYrMgo2G9iP3S175gLv2bT+WYLF5ZqIUbQ==",
              "content_md5": "aeb7a1c5d4e21f4ef5977c3ffecdb5d4",
              "content_sha1": "9b900384cf991dcf2b4b5d24ffc31aead814a9f2",
              "content_sha256": "8ba5aabc73c2e998f2804fd6362f06685a165c2031b2c71d5ffc32b6e14bdc98",
              "content_sha512": "76d6dc7263ec2b35b0d36a4292f259d449ed1adeb236c4bdb1df1dc218651e6b4f7f0e6be4c955a18acc828d86f623f74b5ef980bbf66d3f9660b17966a2146d",
              "directory_permission": "0777",
              "file_permission": "0777",
              "filename": "../test3.txt",
              "id": "9b900384cf991dcf2b4b5d24ffc31aead814a9f2",
              "sensitive_content": null,
              "source": null
            },
            "sensitive_values": {
              "sensitive_content": true
            }
          }
        ]
      }
    }
  },
  "configuration": {
    "provider_config": {
      "local": {
        "name": "local",
        "full_name": "registry.terraform.io/hashicorp/local"
      }
    },
    "root_module": {
      "resources": [
        {
          "address": "local_file.test",
          "mode": "managed",
          "type": "local_file",
          "name": "test",
          "provider_config_key": "local",
          "expressions": {
            "content": {
              "references": [
                "var.test"
              ]
            },
            "filename": {
              "constant_value": "../test.txt"
            }
          },
          "schema_version": 0
        },
        {
          "address": "local_file.test2",
          "mode": "managed",
          "type": "local_file",
          "name": "test2",
          "provider_config_key": "local",
          "expressions": {
            "content": {
              "constant_value": "foobar"
            },
            "filename": {
              "constant_value": "../test2.txt"
            }
          },
          "schema_version": 0
        },
        {
          "address": "local_file.test3",
          "mode": "managed",
          "type": "local_file",
          "name": "test3",
          "provider_config_key": "local",
          "expressions": {
            "content": {
              "constant_value": "just a line\n  - just a line with hyphen\n    + just a line with plus sign\nnormal line\n  - line with hyphen\n    + line with plus sign\n"
            },
            "filename": {
              "constant_value": "../test3.txt"
            }
          },
          "schema_version": 0
        }
      ],
      "variables": {
        "test": {
          "default": 42,
          "sensitive": true
        }
      }
    }
  },
  "applyable": true,
  "complete": true,
  "errored": false
}
