
Terraform used the selected providers to generate the following execution
plan. Resource actions are indicated with the following symbols:
-/+ destroy and then create replacement

Terraform will perform the following actions:

  # local_file.test must be replaced
-/+ resource "local_file" "test" {
      ~ content              = (sensitive value) # forces replacement
      ~ content_base64sha256 = "/lWY64A+bW2mlroLqqzsIFblHqeaXxuVLpjj6nnPbOQ=" -> (known after apply)
      ~ content_base64sha512 = "FkR2ZuWihRqCFStGn/+nTXoiemWT3jRKZN52sPETsAVvsCnSEtcylj2/g3DZHH72AUIkIe/LXV0xGRQzhy96CQ==" -> (known after apply)
      ~ content_md5          = "80080f5c98960d0cbcfa2fd5c8bf3f5f" -> (known after apply)
      ~ content_sha1         = "a9e61004a1ffc8f676b68225a06bb082677aeb89" -> (known after apply)
      ~ content_sha256       = "fe5598eb803e6d6da696ba0baaacec2056e51ea79a5f1b952e98e3ea79cf6ce4" -> (known after apply)
      ~ content_sha512       = "16447666e5a2851a82152b469fffa74d7a227a6593de344a64de76b0f113b0056fb029d212d732963dbf8370d91c7ef601422421efcb5d5d31191433872f7a09" -> (known after apply)
      ~ id                   = "a9e61004a1ffc8f676b68225a06bb082677aeb89" -> (known after apply)
        # (3 unchanged attributes hidden)
    }

Plan: 1 to add, 0 to change, 1 to destroy.
